<?xml version="1.0" encoding="utf-8"?>
<Project ToolsVersion="4.0" xmlns="http://schemas.microsoft.com/developer/msbuild/2003">
  <ItemGroup>
    <Filter Include="_Main">
      <UniqueIdentifier>{58df7e52-61d8-462f-8ef2-2f4872ec09dd}</UniqueIdentifier>
    </Filter>
    <Filter Include="hunspell">
      <UniqueIdentifier>{cc542c20-ca13-4e72-a0b3-3ceca38001cc}</UniqueIdentifier>
    </Filter>
  </ItemGroup>
  <ItemGroup>
    <ClInclude Include="config.h">
      <Filter>_Main</Filter>
    </ClInclude>
    <ClInclude Include="hunspell\src\win_api\hunspelldll.h">
      <Filter>_Main</Filter>
    </ClInclude>
    <ClInclude Include="hunspell\src\hunspell\affentry.hxx">
      <Filter>hunspell</Filter>
    </ClInclude>
    <ClInclude Include="hunspell\src\hunspell\affixmgr.hxx">
      <Filter>hunspell</Filter>
    </ClInclude>
    <ClInclude Include="hunspell\src\hunspell\atypes.hxx">
      <Filter>hunspell</Filter>
    </ClInclude>
    <ClInclude Include="hunspell\src\hunspell\baseaffix.hxx">
      <Filter>hunspell</Filter>
    </ClInclude>
    <ClInclude Include="hunspell\src\hunspell\csutil.hxx">
      <Filter>hunspell</Filter>
    </ClInclude>
    <ClInclude Include="hunspell\src\hunspell\dictmgr.hxx">
      <Filter>hunspell</Filter>
    </ClInclude>
    <ClInclude Include="hunspell\src\hunspell\filemgr.hxx">
      <Filter>hunspell</Filter>
    </ClInclude>
    <ClInclude Include="hunspell\src\hunspell\hashmgr.hxx">
      <Filter>hunspell</Filter>
    </ClInclude>
    <ClInclude Include="hunspell\src\hunspell\htypes.hxx">
      <Filter>hunspell</Filter>
    </ClInclude>
    <ClInclude Include="hunspell\src\hunspell\hunspell.h">
      <Filter>hunspell</Filter>
    </ClInclude>
    <ClInclude Include="hunspell\src\hunspell\hunspell.hxx">
      <Filter>hunspell</Filter>
    </ClInclude>
    <ClInclude Include="hunspell\src\hunspell\hunvisapi.h">
      <Filter>hunspell</Filter>
    </ClInclude>
    <ClInclude Include="hunspell\src\hunspell\hunzip.hxx">
      <Filter>hunspell</Filter>
    </ClInclude>
    <ClInclude Include="hunspell\src\hunspell\langnum.hxx">
      <Filter>hunspell</Filter>
    </ClInclude>
    <ClInclude Include="hunspell\src\hunspell\phonet.hxx">
      <Filter>hunspell</Filter>
    </ClInclude>
    <ClInclude Include="hunspell\src\hunspell\replist.hxx">
      <Filter>hunspell</Filter>
    </ClInclude>
    <ClInclude Include="hunspell\src\hunspell\suggestmgr.hxx">
      <Filter>hunspell</Filter>
    </ClInclude>
    <ClInclude Include="hunspell\src\hunspell\w_char.hxx">
      <Filter>hunspell</Filter>
    </ClInclude>
  </ItemGroup>
  <ItemGroup>
    <ResourceCompile Include="hunspell\src\win_api\Hunspell.rc">
      <Filter>_Main</Filter>
    </ResourceCompile>
  </ItemGroup>
  <ItemGroup>
    <ClCompile Include="hunspell\src\win_api\hunspelldll.c">
      <Filter>_Main</Filter>
    </ClCompile>
    <ClCompile Include="hunspell\src\hunspell\affentry.cxx">
      <Filter>hunspell</Filter>
    </ClCompile>
    <ClCompile Include="hunspell\src\hunspell\affixmgr.cxx">
      <Filter>hunspell</Filter>
    </ClCompile>
    <ClCompile Include="hunspell\src\hunspell\csutil.cxx">
      <Filter>hunspell</Filter>
    </ClCompile>
    <ClCompile Include="hunspell\src\hunspell\dictmgr.cxx">
      <Filter>hunspell</Filter>
    </ClCompile>
    <ClCompile Include="hunspell\src\hunspell\filemgr.cxx">
      <Filter>hunspell</Filter>
    </ClCompile>
    <ClCompile Include="hunspell\src\hunspell\hashmgr.cxx">
      <Filter>hunspell</Filter>
    </ClCompile>
    <ClCompile Include="hunspell\src\hunspell\hunspell.cxx">
      <Filter>hunspell</Filter>
    </ClCompile>
    <ClCompile Include="hunspell\src\hunspell\hunzip.cxx">
      <Filter>hunspell</Filter>
    </ClCompile>
    <ClCompile Include="hunspell\src\hunspell\phonet.cxx">
      <Filter>hunspell</Filter>
    </ClCompile>
    <ClCompile Include="hunspell\src\hunspell\replist.cxx">
      <Filter>hunspell</Filter>
    </ClCompile>
    <ClCompile Include="hunspell\src\hunspell\suggestmgr.cxx">
      <Filter>hunspell</Filter>
    </ClCompile>
    <ClCompile Include="hunspell\src\hunspell\utf_info.cxx">
      <Filter>hunspell</Filter>
    </ClCompile>
  </ItemGroup>
</Project>