<?xml version="1.0" encoding="utf-8"?>
<Project ToolsVersion="4.0" xmlns="http://schemas.microsoft.com/developer/msbuild/2003">
  <ItemGroup>
    <Filter Include="Include">
      <UniqueIdentifier>{543dc009-75e4-4988-9fcb-91ad1fdb25ab}</UniqueIdentifier>
    </Filter>
    <Filter Include="Modules">
      <UniqueIdentifier>{6b908bfe-acf5-4c57-ab02-333a934feff6}</UniqueIdentifier>
    </Filter>
    <Filter Include="Modules\zlib">
      <UniqueIdentifier>{ad79f695-b771-4bdb-9d3c-609cf803d469}</UniqueIdentifier>
    </Filter>
    <Filter Include="Objects">
      <UniqueIdentifier>{644c0560-9cb2-4473-83b9-fd5852af421d}</UniqueIdentifier>
    </Filter>
    <Filter Include="Parser">
      <UniqueIdentifier>{ccae43e3-b01b-4986-b02c-5e5430e2800a}</UniqueIdentifier>
    </Filter>
    <Filter Include="PC">
      <UniqueIdentifier>{c13053e2-99e7-4026-9584-a1d7fe0c1a3d}</UniqueIdentifier>
    </Filter>
    <Filter Include="Python">
      <UniqueIdentifier>{7041ae4c-31cf-45b2-9c23-ef1d2a5c4c7d}</UniqueIdentifier>
    </Filter>
    <Filter Include="Resource Files">
      <UniqueIdentifier>{30809e9e-70b6-45ef-aa27-b8f2b998ba74}</UniqueIdentifier>
    </Filter>
  </ItemGroup>
  <ItemGroup>
    <ClInclude Include="..\..\Include\abstract.h">
      <Filter>Include</Filter>
    </ClInclude>
    <ClInclude Include="..\..\Include\asdl.h">
      <Filter>Include</Filter>
    </ClInclude>
    <ClInclude Include="..\..\Include\ast.h">
      <Filter>Include</Filter>
    </ClInclude>
    <ClInclude Include="..\..\Include\bitset.h">
      <Filter>Include</Filter>
    </ClInclude>
    <ClInclude Include="..\..\Include\boolobject.h">
      <Filter>Include</Filter>
    </ClInclude>
    <ClInclude Include="..\..\Include\bufferobject.h">
      <Filter>Include</Filter>
    </ClInclude>
    <ClInclude Include="..\..\Include\bytearrayobject.h">
      <Filter>Include</Filter>
    </ClInclude>
    <ClInclude Include="..\..\Include\bytes_methods.h">
      <Filter>Include</Filter>
    </ClInclude>
    <ClInclude Include="..\..\Include\bytesobject.h">
      <Filter>Include</Filter>
    </ClInclude>
    <ClInclude Include="..\..\Include\cellobject.h">
      <Filter>Include</Filter>
    </ClInclude>
    <ClInclude Include="..\..\Include\ceval.h">
      <Filter>Include</Filter>
    </ClInclude>
    <ClInclude Include="..\..\Include\classobject.h">
      <Filter>Include</Filter>
    </ClInclude>
    <ClInclude Include="..\..\Include\cobject.h">
      <Filter>Include</Filter>
    </ClInclude>
    <ClInclude Include="..\..\Include\code.h">
      <Filter>Include</Filter>
    </ClInclude>
    <ClInclude Include="..\..\Include\codecs.h">
      <Filter>Include</Filter>
    </ClInclude>
    <ClInclude Include="..\..\Include\compile.h">
      <Filter>Include</Filter>
    </ClInclude>
    <ClInclude Include="..\..\Include\complexobject.h">
      <Filter>Include</Filter>
    </ClInclude>
    <ClInclude Include="..\..\Include\descrobject.h">
      <Filter>Include</Filter>
    </ClInclude>
    <ClInclude Include="..\..\Include\dictobject.h">
      <Filter>Include</Filter>
    </ClInclude>
    <ClInclude Include="..\..\Include\dtoa.h">
      <Filter>Include</Filter>
    </ClInclude>
    <ClInclude Include="..\..\Include\enumobject.h">
      <Filter>Include</Filter>
    </ClInclude>
    <ClInclude Include="..\..\Include\errcode.h">
      <Filter>Include</Filter>
    </ClInclude>
    <ClInclude Include="..\..\Include\eval.h">
      <Filter>Include</Filter>
    </ClInclude>
    <ClInclude Include="..\..\Include\fileobject.h">
      <Filter>Include</Filter>
    </ClInclude>
    <ClInclude Include="..\..\Include\floatobject.h">
      <Filter>Include</Filter>
    </ClInclude>
    <ClInclude Include="..\..\Include\frameobject.h">
      <Filter>Include</Filter>
    </ClInclude>
    <ClInclude Include="..\..\Include\funcobject.h">
      <Filter>Include</Filter>
    </ClInclude>
    <ClInclude Include="..\..\Include\genobject.h">
      <Filter>Include</Filter>
    </ClInclude>
    <ClInclude Include="..\..\Include\graminit.h">
      <Filter>Include</Filter>
    </ClInclude>
    <ClInclude Include="..\..\Include\grammar.h">
      <Filter>Include</Filter>
    </ClInclude>
    <ClInclude Include="..\..\Include\import.h">
      <Filter>Include</Filter>
    </ClInclude>
    <ClInclude Include="..\..\Include\intobject.h">
      <Filter>Include</Filter>
    </ClInclude>
    <ClInclude Include="..\..\Include\intrcheck.h">
      <Filter>Include</Filter>
    </ClInclude>
    <ClInclude Include="..\..\Include\iterobject.h">
      <Filter>Include</Filter>
    </ClInclude>
    <ClInclude Include="..\..\Include\listobject.h">
      <Filter>Include</Filter>
    </ClInclude>
    <ClInclude Include="..\..\Include\longintrepr.h">
      <Filter>Include</Filter>
    </ClInclude>
    <ClInclude Include="..\..\Include\longobject.h">
      <Filter>Include</Filter>
    </ClInclude>
    <ClInclude Include="..\..\Include\marshal.h">
      <Filter>Include</Filter>
    </ClInclude>
    <ClInclude Include="..\..\Include\metagrammar.h">
      <Filter>Include</Filter>
    </ClInclude>
    <ClInclude Include="..\..\Include\methodobject.h">
      <Filter>Include</Filter>
    </ClInclude>
    <ClInclude Include="..\..\Include\modsupport.h">
      <Filter>Include</Filter>
    </ClInclude>
    <ClInclude Include="..\..\Include\moduleobject.h">
      <Filter>Include</Filter>
    </ClInclude>
    <ClInclude Include="..\..\Include\node.h">
      <Filter>Include</Filter>
    </ClInclude>
    <ClInclude Include="..\..\Include\object.h">
      <Filter>Include</Filter>
    </ClInclude>
    <ClInclude Include="..\..\Include\objimpl.h">
      <Filter>Include</Filter>
    </ClInclude>
    <ClInclude Include="..\..\Include\opcode.h">
      <Filter>Include</Filter>
    </ClInclude>
    <ClInclude Include="..\..\Include\osdefs.h">
      <Filter>Include</Filter>
    </ClInclude>
    <ClInclude Include="..\..\Include\parsetok.h">
      <Filter>Include</Filter>
    </ClInclude>
    <ClInclude Include="..\..\Include\patchlevel.h">
      <Filter>Include</Filter>
    </ClInclude>
    <ClInclude Include="..\..\Include\pgen.h">
      <Filter>Include</Filter>
    </ClInclude>
    <ClInclude Include="..\..\Include\pgenheaders.h">
      <Filter>Include</Filter>
    </ClInclude>
    <ClInclude Include="..\..\Include\py_curses.h">
      <Filter>Include</Filter>
    </ClInclude>
    <ClInclude Include="..\..\Include\pyarena.h">
      <Filter>Include</Filter>
    </ClInclude>
    <ClInclude Include="..\..\Include\pycapsule.h">
      <Filter>Include</Filter>
    </ClInclude>
    <ClInclude Include="..\..\Include\pyctype.h">
      <Filter>Include</Filter>
    </ClInclude>
    <ClInclude Include="..\..\Include\pydebug.h">
      <Filter>Include</Filter>
    </ClInclude>
    <ClInclude Include="..\..\Include\pyerrors.h">
      <Filter>Include</Filter>
    </ClInclude>
    <ClInclude Include="..\..\Include\pyexpat.h">
      <Filter>Include</Filter>
    </ClInclude>
    <ClInclude Include="..\..\Include\pyfpe.h">
      <Filter>Include</Filter>
    </ClInclude>
    <ClInclude Include="..\..\Include\pygetopt.h">
      <Filter>Include</Filter>
    </ClInclude>
    <ClInclude Include="..\..\Include\pymactoolbox.h">
      <Filter>Include</Filter>
    </ClInclude>
    <ClInclude Include="..\..\Include\pymath.h">
      <Filter>Include</Filter>
    </ClInclude>
    <ClInclude Include="..\..\Include\pymem.h">
      <Filter>Include</Filter>
    </ClInclude>
    <ClInclude Include="..\..\Include\pyport.h">
      <Filter>Include</Filter>
    </ClInclude>
    <ClInclude Include="..\..\Include\pystate.h">
      <Filter>Include</Filter>
    </ClInclude>
    <ClInclude Include="..\..\Include\pystrcmp.h">
      <Filter>Include</Filter>
    </ClInclude>
    <ClInclude Include="..\..\Include\pystrtod.h">
      <Filter>Include</Filter>
    </ClInclude>
    <ClInclude Include="..\..\Include\Python-ast.h">
      <Filter>Include</Filter>
    </ClInclude>
    <ClInclude Include="..\..\Include\Python.h">
      <Filter>Include</Filter>
    </ClInclude>
    <ClInclude Include="..\..\Include\pythonrun.h">
      <Filter>Include</Filter>
    </ClInclude>
    <ClInclude Include="..\..\Include\pythread.h">
      <Filter>Include</Filter>
    </ClInclude>
    <ClInclude Include="..\..\Include\rangeobject.h">
      <Filter>Include</Filter>
    </ClInclude>
    <ClInclude Include="..\..\Include\setobject.h">
      <Filter>Include</Filter>
    </ClInclude>
    <ClInclude Include="..\..\Include\sliceobject.h">
      <Filter>Include</Filter>
    </ClInclude>
    <ClInclude Include="..\..\Include\stringobject.h">
      <Filter>Include</Filter>
    </ClInclude>
    <ClInclude Include="..\..\Include\structmember.h">
      <Filter>Include</Filter>
    </ClInclude>
    <ClInclude Include="..\..\Include\structseq.h">
      <Filter>Include</Filter>
    </ClInclude>
    <ClInclude Include="..\..\Include\symtable.h">
      <Filter>Include</Filter>
    </ClInclude>
    <ClInclude Include="..\..\Include\sysmodule.h">
      <Filter>Include</Filter>
    </ClInclude>
    <ClInclude Include="..\..\Include\timefuncs.h">
      <Filter>Include</Filter>
    </ClInclude>
    <ClInclude Include="..\..\Include\token.h">
      <Filter>Include</Filter>
    </ClInclude>
    <ClInclude Include="..\..\Include\traceback.h">
      <Filter>Include</Filter>
    </ClInclude>
    <ClInclude Include="..\..\Include\tupleobject.h">
      <Filter>Include</Filter>
    </ClInclude>
    <ClInclude Include="..\..\Include\ucnhash.h">
      <Filter>Include</Filter>
    </ClInclude>
    <ClInclude Include="..\..\Include\unicodeobject.h">
      <Filter>Include</Filter>
    </ClInclude>
    <ClInclude Include="..\..\Include\weakrefobject.h">
      <Filter>Include</Filter>
    </ClInclude>
    <ClInclude Include="..\..\Modules\_math.h">
      <Filter>Modules</Filter>
    </ClInclude>
    <ClInclude Include="..\..\Modules\zlib\crc32.h">
      <Filter>Modules\zlib</Filter>
    </ClInclude>
    <ClInclude Include="..\..\Modules\zlib\deflate.h">
      <Filter>Modules\zlib</Filter>
    </ClInclude>
    <ClInclude Include="..\..\Modules\zlib\inffast.h">
      <Filter>Modules\zlib</Filter>
    </ClInclude>
    <ClInclude Include="..\..\Modules\zlib\inffixed.h">
      <Filter>Modules\zlib</Filter>
    </ClInclude>
    <ClInclude Include="..\..\Modules\zlib\inflate.h">
      <Filter>Modules\zlib</Filter>
    </ClInclude>
    <ClInclude Include="..\..\Modules\zlib\inftrees.h">
      <Filter>Modules\zlib</Filter>
    </ClInclude>
    <ClInclude Include="..\..\Modules\zlib\trees.h">
      <Filter>Modules\zlib</Filter>
    </ClInclude>
    <ClInclude Include="..\..\Modules\zlib\zconf.h">
      <Filter>Modules\zlib</Filter>
    </ClInclude>
    <ClInclude Include="..\..\Modules\zlib\zconf.in.h">
      <Filter>Modules\zlib</Filter>
    </ClInclude>
    <ClInclude Include="..\..\Modules\zlib\zlib.h">
      <Filter>Modules\zlib</Filter>
    </ClInclude>
    <ClInclude Include="..\..\Modules\zlib\zutil.h">
      <Filter>Modules\zlib</Filter>
    </ClInclude>
    <ClInclude Include="..\..\Objects\stringlib\count.h">
      <Filter>Objects</Filter>
    </ClInclude>
    <ClInclude Include="..\..\Objects\stringlib\fastsearch.h">
      <Filter>Objects</Filter>
    </ClInclude>
    <ClInclude Include="..\..\Objects\stringlib\find.h">
      <Filter>Objects</Filter>
    </ClInclude>
    <ClInclude Include="..\..\Objects\stringlib\partition.h">
      <Filter>Objects</Filter>
    </ClInclude>
    <ClInclude Include="..\..\Objects\stringlib\split.h">
      <Filter>Objects</Filter>
    </ClInclude>
    <ClInclude Include="..\..\Objects\unicodetype_db.h">
      <Filter>Objects</Filter>
    </ClInclude>
    <ClInclude Include="..\..\Parser\parser.h">
      <Filter>Parser</Filter>
    </ClInclude>
    <ClInclude Include="..\..\Parser\tokenizer.h">
      <Filter>Parser</Filter>
    </ClInclude>
    <ClInclude Include="..\errmap.h">
      <Filter>PC</Filter>
    </ClInclude>
    <ClInclude Include="..\pyconfig.h">
      <Filter>PC</Filter>
    </ClInclude>
    <ClInclude Include="..\..\Python\importdl.h">
      <Filter>Python</Filter>
    </ClInclude>
    <ClInclude Include="..\..\Python\thread_nt.h">
      <Filter>Python</Filter>
    </ClInclude>
  </ItemGroup>
  <ItemGroup>
    <ClCompile Include="..\..\Modules\_codecsmodule.c">
      <Filter>Modules</Filter>
    </ClCompile>
    <ClCompile Include="..\..\Modules\_math.c">
      <Filter>Modules</Filter>
    </ClCompile>
    <ClCompile Include="..\..\Modules\errnomodule.c">
      <Filter>Modules</Filter>
    </ClCompile>
    <ClCompile Include="..\..\Modules\future_builtins.c">
      <Filter>Modules</Filter>
    </ClCompile>
    <ClCompile Include="..\..\Modules\gcmodule.c">
      <Filter>Modules</Filter>
    </ClCompile>
    <ClCompile Include="..\..\Modules\mathmodule.c">
      <Filter>Modules</Filter>
    </ClCompile>
    <ClCompile Include="..\..\Modules\parsermodule.c">
      <Filter>Modules</Filter>
    </ClCompile>
    <ClCompile Include="..\..\Modules\stropmodule.c">
      <Filter>Modules</Filter>
    </ClCompile>
    <ClCompile Include="..\..\Modules\symtablemodule.c">
      <Filter>Modules</Filter>
    </ClCompile>
    <ClCompile Include="..\..\Modules\zipimport.c">
      <Filter>Modules</Filter>
    </ClCompile>
    <ClCompile Include="..\..\Modules\zlibmodule.c">
      <Filter>Modules</Filter>
    </ClCompile>
    <ClCompile Include="..\..\Modules\zlib\adler32.c">
      <Filter>Modules\zlib</Filter>
    </ClCompile>
    <ClCompile Include="..\..\Modules\zlib\compress.c">
      <Filter>Modules\zlib</Filter>
    </ClCompile>
    <ClCompile Include="..\..\Modules\zlib\crc32.c">
      <Filter>Modules\zlib</Filter>
    </ClCompile>
    <ClCompile Include="..\..\Modules\zlib\deflate.c">
      <Filter>Modules\zlib</Filter>
    </ClCompile>
    <ClCompile Include="..\..\Modules\zlib\infback.c">
      <Filter>Modules\zlib</Filter>
    </ClCompile>
    <ClCompile Include="..\..\Modules\zlib\inffast.c">
      <Filter>Modules\zlib</Filter>
    </ClCompile>
    <ClCompile Include="..\..\Modules\zlib\inftrees.c">
      <Filter>Modules\zlib</Filter>
    </ClCompile>
    <ClCompile Include="..\..\Modules\zlib\trees.c">
      <Filter>Modules\zlib</Filter>
    </ClCompile>
    <ClCompile Include="..\..\Modules\zlib\uncompr.c">
      <Filter>Modules\zlib</Filter>
    </ClCompile>
    <ClCompile Include="..\..\Modules\zlib\zutil.c">
      <Filter>Modules\zlib</Filter>
    </ClCompile>
    <ClCompile Include="..\..\Objects\abstract.c">
      <Filter>Objects</Filter>
    </ClCompile>
    <ClCompile Include="..\..\Objects\boolobject.c">
      <Filter>Objects</Filter>
    </ClCompile>
    <ClCompile Include="..\..\Objects\bufferobject.c">
      <Filter>Objects</Filter>
    </ClCompile>
    <ClCompile Include="..\..\Objects\capsule.c">
      <Filter>Objects</Filter>
    </ClCompile>
    <ClCompile Include="..\..\Objects\cellobject.c">
      <Filter>Objects</Filter>
    </ClCompile>
    <ClCompile Include="..\..\Objects\classobject.c">
      <Filter>Objects</Filter>
    </ClCompile>
    <ClCompile Include="..\..\Objects\cobject.c">
      <Filter>Objects</Filter>
    </ClCompile>
    <ClCompile Include="..\..\Objects\codeobject.c">
      <Filter>Objects</Filter>
    </ClCompile>
    <ClCompile Include="..\..\Objects\complexobject.c">
      <Filter>Objects</Filter>
    </ClCompile>
    <ClCompile Include="..\..\Objects\descrobject.c">
      <Filter>Objects</Filter>
    </ClCompile>
    <ClCompile Include="..\..\Objects\dictobject.c">
      <Filter>Objects</Filter>
    </ClCompile>
    <ClCompile Include="..\..\Objects\enumobject.c">
      <Filter>Objects</Filter>
    </ClCompile>
    <ClCompile Include="..\..\Objects\exceptions.c">
      <Filter>Objects</Filter>
    </ClCompile>
    <ClCompile Include="..\..\Objects\fileobject.c">
      <Filter>Objects</Filter>
    </ClCompile>
    <ClCompile Include="..\..\Objects\floatobject.c">
      <Filter>Objects</Filter>
    </ClCompile>
    <ClCompile Include="..\..\Objects\frameobject.c">
      <Filter>Objects</Filter>
    </ClCompile>
    <ClCompile Include="..\..\Objects\funcobject.c">
      <Filter>Objects</Filter>
    </ClCompile>
    <ClCompile Include="..\..\Objects\genobject.c">
      <Filter>Objects</Filter>
    </ClCompile>
    <ClCompile Include="..\..\Objects\intobject.c">
      <Filter>Objects</Filter>
    </ClCompile>
    <ClCompile Include="..\..\Objects\iterobject.c">
      <Filter>Objects</Filter>
    </ClCompile>
    <ClCompile Include="..\..\Objects\listobject.c">
      <Filter>Objects</Filter>
    </ClCompile>
    <ClCompile Include="..\..\Objects\longobject.c">
      <Filter>Objects</Filter>
    </ClCompile>
    <ClCompile Include="..\..\Objects\methodobject.c">
      <Filter>Objects</Filter>
    </ClCompile>
    <ClCompile Include="..\..\Objects\moduleobject.c">
      <Filter>Objects</Filter>
    </ClCompile>
    <ClCompile Include="..\..\Objects\object.c">
      <Filter>Objects</Filter>
    </ClCompile>
    <ClCompile Include="..\..\Objects\obmalloc.c">
      <Filter>Objects</Filter>
    </ClCompile>
    <ClCompile Include="..\..\Objects\rangeobject.c">
      <Filter>Objects</Filter>
    </ClCompile>
    <ClCompile Include="..\..\Objects\setobject.c">
      <Filter>Objects</Filter>
    </ClCompile>
    <ClCompile Include="..\..\Objects\sliceobject.c">
      <Filter>Objects</Filter>
    </ClCompile>
    <ClCompile Include="..\..\Objects\stringobject.c">
      <Filter>Objects</Filter>
    </ClCompile>
    <ClCompile Include="..\..\Objects\structseq.c">
      <Filter>Objects</Filter>
    </ClCompile>
    <ClCompile Include="..\..\Objects\tupleobject.c">
      <Filter>Objects</Filter>
    </ClCompile>
    <ClCompile Include="..\..\Objects\typeobject.c">
      <Filter>Objects</Filter>
    </ClCompile>
    <ClCompile Include="..\..\Objects\unicodectype.c">
      <Filter>Objects</Filter>
    </ClCompile>
    <ClCompile Include="..\..\Objects\unicodeobject.c">
      <Filter>Objects</Filter>
    </ClCompile>
    <ClCompile Include="..\..\Objects\weakrefobject.c">
      <Filter>Objects</Filter>
    </ClCompile>
    <ClCompile Include="..\..\Parser\acceler.c">
      <Filter>Parser</Filter>
    </ClCompile>
    <ClCompile Include="..\..\Parser\bitset.c">
      <Filter>Parser</Filter>
    </ClCompile>
    <ClCompile Include="..\..\Parser\firstsets.c">
      <Filter>Parser</Filter>
    </ClCompile>
    <ClCompile Include="..\..\Parser\grammar.c">
      <Filter>Parser</Filter>
    </ClCompile>
    <ClCompile Include="..\..\Parser\grammar1.c">
      <Filter>Parser</Filter>
    </ClCompile>
    <ClCompile Include="..\..\Parser\listnode.c">
      <Filter>Parser</Filter>
    </ClCompile>
    <ClCompile Include="..\..\Parser\metagrammar.c">
      <Filter>Parser</Filter>
    </ClCompile>
    <ClCompile Include="..\..\Parser\myreadline.c">
      <Filter>Parser</Filter>
    </ClCompile>
    <ClCompile Include="..\..\Parser\node.c">
      <Filter>Parser</Filter>
    </ClCompile>
    <ClCompile Include="..\..\Parser\parser.c">
      <Filter>Parser</Filter>
    </ClCompile>
    <ClCompile Include="..\..\Parser\parsetok.c">
      <Filter>Parser</Filter>
    </ClCompile>
    <ClCompile Include="..\..\Parser\tokenizer.c">
      <Filter>Parser</Filter>
    </ClCompile>
    <ClCompile Include="..\config.c">
      <Filter>PC</Filter>
    </ClCompile>
    <ClCompile Include="..\dl_nt.c">
      <Filter>PC</Filter>
    </ClCompile>
    <ClCompile Include="..\..\Modules\getbuildinfo.c">
      <Filter>PC</Filter>
    </ClCompile>
    <ClCompile Include="..\getpathp.c">
      <Filter>PC</Filter>
    </ClCompile>
    <ClCompile Include="..\import_nt.c">
      <Filter>PC</Filter>
    </ClCompile>
    <ClCompile Include="..\..\Python\_warnings.c">
      <Filter>Python</Filter>
    </ClCompile>
    <ClCompile Include="..\..\Python\asdl.c">
      <Filter>Python</Filter>
    </ClCompile>
    <ClCompile Include="..\..\Python\ast.c">
      <Filter>Python</Filter>
    </ClCompile>
    <ClCompile Include="..\..\Python\bltinmodule.c">
      <Filter>Python</Filter>
    </ClCompile>
    <ClCompile Include="..\..\Python\ceval.c">
      <Filter>Python</Filter>
    </ClCompile>
    <ClCompile Include="..\..\Python\codecs.c">
      <Filter>Python</Filter>
    </ClCompile>
    <ClCompile Include="..\..\Python\compile.c">
      <Filter>Python</Filter>
    </ClCompile>
    <ClCompile Include="..\..\Python\dtoa.c">
      <Filter>Python</Filter>
    </ClCompile>
    <ClCompile Include="..\..\Python\dynload_win.c">
      <Filter>Python</Filter>
    </ClCompile>
    <ClCompile Include="..\..\Python\errors.c">
      <Filter>Python</Filter>
    </ClCompile>
    <ClCompile Include="..\..\Python\formatter_string.c">
      <Filter>Python</Filter>
    </ClCompile>
    <ClCompile Include="..\..\Python\formatter_unicode.c">
      <Filter>Python</Filter>
    </ClCompile>
    <ClCompile Include="..\..\Python\frozen.c">
      <Filter>Python</Filter>
    </ClCompile>
    <ClCompile Include="..\..\Python\future.c">
      <Filter>Python</Filter>
    </ClCompile>
    <ClCompile Include="..\..\Python\getargs.c">
      <Filter>Python</Filter>
    </ClCompile>
    <ClCompile Include="..\..\Python\getcompiler.c">
      <Filter>Python</Filter>
    </ClCompile>
    <ClCompile Include="..\..\Python\getcopyright.c">
      <Filter>Python</Filter>
    </ClCompile>
    <ClCompile Include="..\..\Python\getopt.c">
      <Filter>Python</Filter>
    </ClCompile>
    <ClCompile Include="..\..\Python\getplatform.c">
      <Filter>Python</Filter>
    </ClCompile>
    <ClCompile Include="..\..\Python\getversion.c">
      <Filter>Python</Filter>
    </ClCompile>
    <ClCompile Include="..\..\Python\graminit.c">
      <Filter>Python</Filter>
    </ClCompile>
    <ClCompile Include="..\..\Python\import.c">
      <Filter>Python</Filter>
    </ClCompile>
    <ClCompile Include="..\..\Python\importdl.c">
      <Filter>Python</Filter>
    </ClCompile>
    <ClCompile Include="..\..\Python\marshal.c">
      <Filter>Python</Filter>
    </ClCompile>
    <ClCompile Include="..\..\Python\modsupport.c">
      <Filter>Python</Filter>
    </ClCompile>
    <ClCompile Include="..\..\Python\mysnprintf.c">
      <Filter>Python</Filter>
    </ClCompile>
    <ClCompile Include="..\..\Python\mystrtoul.c">
      <Filter>Python</Filter>
    </ClCompile>
    <ClCompile Include="..\..\Python\peephole.c">
      <Filter>Python</Filter>
    </ClCompile>
    <ClCompile Include="..\..\Python\pyarena.c">
      <Filter>Python</Filter>
    </ClCompile>
    <ClCompile Include="..\..\Python\pyctype.c">
      <Filter>Python</Filter>
    </ClCompile>
    <ClCompile Include="..\..\Python\pyfpe.c">
      <Filter>Python</Filter>
    </ClCompile>
    <ClCompile Include="..\..\Python\pymath.c">
      <Filter>Python</Filter>
    </ClCompile>
    <ClCompile Include="..\..\Python\pystate.c">
      <Filter>Python</Filter>
    </ClCompile>
    <ClCompile Include="..\..\Python\pystrcmp.c">
      <Filter>Python</Filter>
    </ClCompile>
    <ClCompile Include="..\..\Python\pystrtod.c">
      <Filter>Python</Filter>
    </ClCompile>
    <ClCompile Include="..\..\Python\Python-ast.c">
      <Filter>Python</Filter>
    </ClCompile>
    <ClCompile Include="..\..\Python\pythonrun.c">
      <Filter>Python</Filter>
    </ClCompile>
    <ClCompile Include="..\..\Python\structmember.c">
      <Filter>Python</Filter>
    </ClCompile>
    <ClCompile Include="..\..\Python\symtable.c">
      <Filter>Python</Filter>
    </ClCompile>
    <ClCompile Include="..\..\Python\sysmodule.c">
      <Filter>Python</Filter>
    </ClCompile>
    <ClCompile Include="..\..\Python\thread.c">
      <Filter>Python</Filter>
    </ClCompile>
    <ClCompile Include="..\..\Python\traceback.c">
      <Filter>Python</Filter>
    </ClCompile>
    <ClCompile Include="..\..\Modules\zlib\gzclose.c">
      <Filter>Modules\zlib</Filter>
    </ClCompile>
    <ClCompile Include="..\..\Modules\zlib\gzlib.c">
      <Filter>Modules\zlib</Filter>
    </ClCompile>
    <ClCompile Include="..\..\Modules\zlib\gzread.c">
      <Filter>Modules\zlib</Filter>
    </ClCompile>
    <ClCompile Include="..\..\Modules\zlib\gzwrite.c">
      <Filter>Modules\zlib</Filter>
    </ClCompile>
  </ItemGroup>
  <ItemGroup>
    <ResourceCompile Include="..\python_nt.rc">
      <Filter>Resource Files</Filter>
    </ResourceCompile>
  </ItemGroup>
</Project>