<?xml version="1.0" encoding="utf-8"?>
<Project ToolsVersion="4.0" xmlns="http://schemas.microsoft.com/developer/msbuild/2003">
  <ItemGroup>
    <Filter Include="_Main">
      <UniqueIdentifier>{88181a13-fe20-4a92-a5d8-657084557a3d}</UniqueIdentifier>
    </Filter>
    <Filter Include="hunspell">
      <UniqueIdentifier>{25dfc2b3-282e-46b0-9995-12882ae4b900}</UniqueIdentifier>
    </Filter>
  </ItemGroup>
  <ItemGroup>
    <ClInclude Include="..\..\spellchecker\hunspell\src\win_api\config.h" />
    <ClInclude Include="..\..\spellchecker\hunspell\src\hunspell\affentry.hxx" />
    <ClInclude Include="..\..\spellchecker\hunspell\src\hunspell\affixmgr.hxx" />
    <ClInclude Include="..\..\spellchecker\hunspell\src\hunspell\atypes.hxx" />
    <ClInclude Include="..\..\spellchecker\hunspell\src\hunspell\baseaffix.hxx" />
    <ClInclude Include="..\..\spellchecker\hunspell\src\hunspell\csutil.hxx" />
    <ClInclude Include="..\..\spellchecker\hunspell\src\hunspell\filemgr.hxx" />
    <ClInclude Include="..\..\spellchecker\hunspell\src\hunspell\hashmgr.hxx" />
    <ClInclude Include="..\..\spellchecker\hunspell\src\hunspell\htypes.hxx" />
    <ClInclude Include="..\..\spellchecker\hunspell\src\hunspell\hunspell.h" />
    <ClInclude Include="..\..\spellchecker\hunspell\src\hunspell\hunspell.hxx" />
    <ClInclude Include="..\..\spellchecker\hunspell\src\hunspell\hunvisapi.h" />
    <ClInclude Include="..\..\spellchecker\hunspell\src\hunspell\hunzip.hxx" />
    <ClInclude Include="..\..\spellchecker\hunspell\src\hunspell\langnum.hxx" />
    <ClInclude Include="..\..\spellchecker\hunspell\src\hunspell\phonet.hxx" />
    <ClInclude Include="..\..\spellchecker\hunspell\src\hunspell\replist.hxx" />
    <ClInclude Include="..\..\spellchecker\hunspell\src\hunspell\suggestmgr.hxx" />
    <ClInclude Include="..\..\spellchecker\hunspell\src\hunspell\w_char.hxx" />
  </ItemGroup>
  <ItemGroup>
    <ClCompile Include="..\..\spellchecker\hunspell\src\hunspell\affentry.cxx" />
    <ClCompile Include="..\..\spellchecker\hunspell\src\hunspell\affixmgr.cxx" />
    <ClCompile Include="..\..\spellchecker\hunspell\src\hunspell\csutil.cxx" />
    <ClCompile Include="..\..\spellchecker\hunspell\src\hunspell\filemgr.cxx" />
    <ClCompile Include="..\..\spellchecker\hunspell\src\hunspell\hashmgr.cxx" />
    <ClCompile Include="..\..\spellchecker\hunspell\src\hunspell\hunspell.cxx" />
    <ClCompile Include="..\..\spellchecker\hunspell\src\hunspell\hunzip.cxx" />
    <ClCompile Include="..\..\spellchecker\hunspell\src\hunspell\phonet.cxx" />
    <ClCompile Include="..\..\spellchecker\hunspell\src\hunspell\replist.cxx" />
    <ClCompile Include="..\..\spellchecker\hunspell\src\hunspell\suggestmgr.cxx" />
  </ItemGroup>
</Project>